
Microsoft Visual Studio Solution File, Format Version 12.00
# Visual Studio 2012
Project("{FAE04EC0-301F-11D3-BF4B-00C04F79EFBC}") = "CHD.Common", "CHD.Common\CHD.Common.csproj", "{891AD56F-742A-462B-AD9C-6931F01F7C83}"
EndProject
Project("{FAE04EC0-301F-11D3-BF4B-00C04F79EFBC}") = "CHD.Client", "CHD.Client\CHD.Client.csproj", "{CC703102-73EC-4B23-837B-46BEF2848D6D}"
EndProject
Project("{2150E333-8FDC-42A3-9474-1A3956D46DE8}") = ".nuget", ".nuget", "{3BE55FE0-A26A-4013-B914-9949FCF1CD6A}"
	ProjectSection(SolutionItems) = preProject
		.nuget\NuGet.Config = .nuget\NuGet.Config
		.nuget\NuGet.exe = .nuget\NuGet.exe
		.nuget\NuGet.targets = .nuget\NuGet.targets
	EndProjectSection
EndProject
Project("{FAE04EC0-301F-11D3-BF4B-00C04F79EFBC}") = "CHD.FileSystem", "CHD.FileSystem\CHD.FileSystem.csproj", "{455E4533-8BF4-405E-A25F-CB4602925614}"
EndProject
Project("{FAE04EC0-301F-11D3-BF4B-00C04F79EFBC}") = "CHD.Ambient", "CHD.Ambient\CHD.Ambient.csproj", "{5B52C3B2-1B16-4891-8FC5-3D4F05BE60A6}"
EndProject
Project("{FAE04EC0-301F-11D3-BF4B-00C04F79EFBC}") = "CHD.Email", "CHD.Email\CHD.Email.csproj", "{E53521EE-5DB4-4AE3-9650-3AF370CA5C7F}"
EndProject
Project("{FAE04EC0-301F-11D3-BF4B-00C04F79EFBC}") = "CHD.Local", "CHD.Local\CHD.Local.csproj", "{16D93BE5-E3D8-4458-BCCD-C361D7DAE0F5}"
EndProject
Project("{FAE04EC0-301F-11D3-BF4B-00C04F79EFBC}") = "CHD.MailRuCloud", "CHD.MailRuCloud\CHD.MailRuCloud.csproj", "{1FD89D03-A4D8-40A9-9168-C00DACC32CAB}"
EndProject
Project("{2150E333-8FDC-42A3-9474-1A3956D46DE8}") = "Graveyards", "Graveyards", "{2B30C63E-B09E-41CA-A23C-371D446682ED}"
EndProject
Project("{2150E333-8FDC-42A3-9474-1A3956D46DE8}") = "$external", "$external", "{743D8A06-0ADE-4725-9982-B70A5C326738}"
EndProject
Project("{FAE04EC0-301F-11D3-BF4B-00C04F79EFBC}") = "MailRu.Cloud.WebApi", "MailRu.Cloud.WebApi\MailRu.Cloud.WebApi.csproj", "{AC56B217-3724-4BA9-930A-53E7E47857F8}"
EndProject
Project("{FAE04EC0-301F-11D3-BF4B-00C04F79EFBC}") = "CHD.Tests", "CHD.Tests\CHD.Tests.csproj", "{0C37D4EF-927C-4427-B2D5-37099D406694}"
EndProject
Project("{FAE04EC0-301F-11D3-BF4B-00C04F79EFBC}") = "CHD.Push", "CHD.Push\CHD.Push.csproj", "{CA339086-27DC-494E-92DD-349C6525B0F3}"
EndProject
Project("{FAE04EC0-301F-11D3-BF4B-00C04F79EFBC}") = "CHD.Pull", "CHD.Pull\CHD.Pull.csproj", "{459B21C1-F1C2-4567-B129-03B888F69B41}"
EndProject
Project("{FAE04EC0-301F-11D3-BF4B-00C04F79EFBC}") = "CHD.Graveyard", "CHD.Graveyard\CHD.Graveyard.csproj", "{503970E0-A3E7-44C1-9A66-E2C5DD0BEF38}"
EndProject
Project("{2150E333-8FDC-42A3-9474-1A3956D46DE8}") = "Dynamic", "Dynamic", "{7CC56790-D7E9-4923-8D14-2B3575A85243}"
EndProject
Project("{2150E333-8FDC-42A3-9474-1A3956D46DE8}") = "Common", "Common", "{CF1D01F5-2E1B-4449-98B9-75C51737B771}"
EndProject
Project("{2150E333-8FDC-42A3-9474-1A3956D46DE8}") = "Tests", "Tests", "{825C7EFA-6B11-445D-B9FA-790A50F04C13}"
EndProject
Project("{FAE04EC0-301F-11D3-BF4B-00C04F79EFBC}") = "CHD.Dynamic", "CHD.Dynamic\CHD.Dynamic.csproj", "{797A52C8-8E3F-4222-900F-582FA34A315E}"
EndProject
Project("{FAE04EC0-301F-11D3-BF4B-00C04F79EFBC}") = "CHD.Installer", "CHD.Installer\CHD.Installer.csproj", "{EEB59908-A4A1-4A0A-9719-E40C250953D2}"
EndProject
Project("{FAE04EC0-301F-11D3-BF4B-00C04F79EFBC}") = "CHD.Wpf", "CHD.Wpf\CHD.Wpf.csproj", "{C66C61B6-EE4C-4482-BA73-B4B4505FF642}"
EndProject
Project("{FAE04EC0-301F-11D3-BF4B-00C04F79EFBC}") = "CHD.Settings", "CHD.Settings\CHD.Settings.csproj", "{2D399B85-E25E-4A42-897D-4906CC24A9EA}"
EndProject
Global
	GlobalSection(SolutionConfigurationPlatforms) = preSolution
		Debug|Any CPU = Debug|Any CPU
		Release|Any CPU = Release|Any CPU
	EndGlobalSection
	GlobalSection(ProjectConfigurationPlatforms) = postSolution
		{891AD56F-742A-462B-AD9C-6931F01F7C83}.Debug|Any CPU.ActiveCfg = Debug|Any CPU
		{891AD56F-742A-462B-AD9C-6931F01F7C83}.Debug|Any CPU.Build.0 = Debug|Any CPU
		{891AD56F-742A-462B-AD9C-6931F01F7C83}.Release|Any CPU.ActiveCfg = Release|Any CPU
		{891AD56F-742A-462B-AD9C-6931F01F7C83}.Release|Any CPU.Build.0 = Release|Any CPU
		{CC703102-73EC-4B23-837B-46BEF2848D6D}.Debug|Any CPU.ActiveCfg = Debug|Any CPU
		{CC703102-73EC-4B23-837B-46BEF2848D6D}.Debug|Any CPU.Build.0 = Debug|Any CPU
		{CC703102-73EC-4B23-837B-46BEF2848D6D}.Release|Any CPU.ActiveCfg = Release|Any CPU
		{CC703102-73EC-4B23-837B-46BEF2848D6D}.Release|Any CPU.Build.0 = Release|Any CPU
		{455E4533-8BF4-405E-A25F-CB4602925614}.Debug|Any CPU.ActiveCfg = Debug|Any CPU
		{455E4533-8BF4-405E-A25F-CB4602925614}.Debug|Any CPU.Build.0 = Debug|Any CPU
		{455E4533-8BF4-405E-A25F-CB4602925614}.Release|Any CPU.ActiveCfg = Release|Any CPU
		{455E4533-8BF4-405E-A25F-CB4602925614}.Release|Any CPU.Build.0 = Release|Any CPU
		{5B52C3B2-1B16-4891-8FC5-3D4F05BE60A6}.Debug|Any CPU.ActiveCfg = Debug|Any CPU
		{5B52C3B2-1B16-4891-8FC5-3D4F05BE60A6}.Debug|Any CPU.Build.0 = Debug|Any CPU
		{5B52C3B2-1B16-4891-8FC5-3D4F05BE60A6}.Release|Any CPU.ActiveCfg = Release|Any CPU
		{5B52C3B2-1B16-4891-8FC5-3D4F05BE60A6}.Release|Any CPU.Build.0 = Release|Any CPU
		{E53521EE-5DB4-4AE3-9650-3AF370CA5C7F}.Debug|Any CPU.ActiveCfg = Debug|Any CPU
		{E53521EE-5DB4-4AE3-9650-3AF370CA5C7F}.Debug|Any CPU.Build.0 = Debug|Any CPU
		{E53521EE-5DB4-4AE3-9650-3AF370CA5C7F}.Release|Any CPU.ActiveCfg = Release|Any CPU
		{E53521EE-5DB4-4AE3-9650-3AF370CA5C7F}.Release|Any CPU.Build.0 = Release|Any CPU
		{16D93BE5-E3D8-4458-BCCD-C361D7DAE0F5}.Debug|Any CPU.ActiveCfg = Debug|Any CPU
		{16D93BE5-E3D8-4458-BCCD-C361D7DAE0F5}.Debug|Any CPU.Build.0 = Debug|Any CPU
		{16D93BE5-E3D8-4458-BCCD-C361D7DAE0F5}.Release|Any CPU.ActiveCfg = Release|Any CPU
		{16D93BE5-E3D8-4458-BCCD-C361D7DAE0F5}.Release|Any CPU.Build.0 = Release|Any CPU
		{1FD89D03-A4D8-40A9-9168-C00DACC32CAB}.Debug|Any CPU.ActiveCfg = Debug|Any CPU
		{1FD89D03-A4D8-40A9-9168-C00DACC32CAB}.Debug|Any CPU.Build.0 = Debug|Any CPU
		{1FD89D03-A4D8-40A9-9168-C00DACC32CAB}.Release|Any CPU.ActiveCfg = Release|Any CPU
		{1FD89D03-A4D8-40A9-9168-C00DACC32CAB}.Release|Any CPU.Build.0 = Release|Any CPU
		{AC56B217-3724-4BA9-930A-53E7E47857F8}.Debug|Any CPU.ActiveCfg = Debug|Any CPU
		{AC56B217-3724-4BA9-930A-53E7E47857F8}.Debug|Any CPU.Build.0 = Debug|Any CPU
		{AC56B217-3724-4BA9-930A-53E7E47857F8}.Release|Any CPU.ActiveCfg = Release|Any CPU
		{AC56B217-3724-4BA9-930A-53E7E47857F8}.Release|Any CPU.Build.0 = Release|Any CPU
		{0C37D4EF-927C-4427-B2D5-37099D406694}.Debug|Any CPU.ActiveCfg = Debug|Any CPU
		{0C37D4EF-927C-4427-B2D5-37099D406694}.Debug|Any CPU.Build.0 = Debug|Any CPU
		{0C37D4EF-927C-4427-B2D5-37099D406694}.Release|Any CPU.ActiveCfg = Release|Any CPU
		{0C37D4EF-927C-4427-B2D5-37099D406694}.Release|Any CPU.Build.0 = Release|Any CPU
		{CA339086-27DC-494E-92DD-349C6525B0F3}.Debug|Any CPU.ActiveCfg = Debug|Any CPU
		{CA339086-27DC-494E-92DD-349C6525B0F3}.Debug|Any CPU.Build.0 = Debug|Any CPU
		{CA339086-27DC-494E-92DD-349C6525B0F3}.Release|Any CPU.ActiveCfg = Release|Any CPU
		{CA339086-27DC-494E-92DD-349C6525B0F3}.Release|Any CPU.Build.0 = Release|Any CPU
		{459B21C1-F1C2-4567-B129-03B888F69B41}.Debug|Any CPU.ActiveCfg = Debug|Any CPU
		{459B21C1-F1C2-4567-B129-03B888F69B41}.Debug|Any CPU.Build.0 = Debug|Any CPU
		{459B21C1-F1C2-4567-B129-03B888F69B41}.Release|Any CPU.ActiveCfg = Release|Any CPU
		{459B21C1-F1C2-4567-B129-03B888F69B41}.Release|Any CPU.Build.0 = Release|Any CPU
		{503970E0-A3E7-44C1-9A66-E2C5DD0BEF38}.Debug|Any CPU.ActiveCfg = Debug|Any CPU
		{503970E0-A3E7-44C1-9A66-E2C5DD0BEF38}.Debug|Any CPU.Build.0 = Debug|Any CPU
		{503970E0-A3E7-44C1-9A66-E2C5DD0BEF38}.Release|Any CPU.ActiveCfg = Release|Any CPU
		{503970E0-A3E7-44C1-9A66-E2C5DD0BEF38}.Release|Any CPU.Build.0 = Release|Any CPU
		{797A52C8-8E3F-4222-900F-582FA34A315E}.Debug|Any CPU.ActiveCfg = Debug|Any CPU
		{797A52C8-8E3F-4222-900F-582FA34A315E}.Debug|Any CPU.Build.0 = Debug|Any CPU
		{797A52C8-8E3F-4222-900F-582FA34A315E}.Release|Any CPU.ActiveCfg = Release|Any CPU
		{797A52C8-8E3F-4222-900F-582FA34A315E}.Release|Any CPU.Build.0 = Release|Any CPU
		{EEB59908-A4A1-4A0A-9719-E40C250953D2}.Debug|Any CPU.ActiveCfg = Debug|Any CPU
		{EEB59908-A4A1-4A0A-9719-E40C250953D2}.Debug|Any CPU.Build.0 = Debug|Any CPU
		{EEB59908-A4A1-4A0A-9719-E40C250953D2}.Release|Any CPU.ActiveCfg = Release|Any CPU
		{EEB59908-A4A1-4A0A-9719-E40C250953D2}.Release|Any CPU.Build.0 = Release|Any CPU
		{C66C61B6-EE4C-4482-BA73-B4B4505FF642}.Debug|Any CPU.ActiveCfg = Debug|Any CPU
		{C66C61B6-EE4C-4482-BA73-B4B4505FF642}.Debug|Any CPU.Build.0 = Debug|Any CPU
		{C66C61B6-EE4C-4482-BA73-B4B4505FF642}.Release|Any CPU.ActiveCfg = Release|Any CPU
		{C66C61B6-EE4C-4482-BA73-B4B4505FF642}.Release|Any CPU.Build.0 = Release|Any CPU
		{2D399B85-E25E-4A42-897D-4906CC24A9EA}.Debug|Any CPU.ActiveCfg = Debug|Any CPU
		{2D399B85-E25E-4A42-897D-4906CC24A9EA}.Debug|Any CPU.Build.0 = Debug|Any CPU
		{2D399B85-E25E-4A42-897D-4906CC24A9EA}.Release|Any CPU.ActiveCfg = Release|Any CPU
		{2D399B85-E25E-4A42-897D-4906CC24A9EA}.Release|Any CPU.Build.0 = Release|Any CPU
	EndGlobalSection
	GlobalSection(SolutionProperties) = preSolution
		HideSolutionNode = FALSE
	EndGlobalSection
	GlobalSection(NestedProjects) = preSolution
		{455E4533-8BF4-405E-A25F-CB4602925614} = {CF1D01F5-2E1B-4449-98B9-75C51737B771}
		{5B52C3B2-1B16-4891-8FC5-3D4F05BE60A6} = {CF1D01F5-2E1B-4449-98B9-75C51737B771}
		{891AD56F-742A-462B-AD9C-6931F01F7C83} = {CF1D01F5-2E1B-4449-98B9-75C51737B771}
		{16D93BE5-E3D8-4458-BCCD-C361D7DAE0F5} = {2B30C63E-B09E-41CA-A23C-371D446682ED}
		{1FD89D03-A4D8-40A9-9168-C00DACC32CAB} = {2B30C63E-B09E-41CA-A23C-371D446682ED}
		{E53521EE-5DB4-4AE3-9650-3AF370CA5C7F} = {2B30C63E-B09E-41CA-A23C-371D446682ED}
		{503970E0-A3E7-44C1-9A66-E2C5DD0BEF38} = {2B30C63E-B09E-41CA-A23C-371D446682ED}
		{AC56B217-3724-4BA9-930A-53E7E47857F8} = {743D8A06-0ADE-4725-9982-B70A5C326738}
		{0C37D4EF-927C-4427-B2D5-37099D406694} = {825C7EFA-6B11-445D-B9FA-790A50F04C13}
		{459B21C1-F1C2-4567-B129-03B888F69B41} = {7CC56790-D7E9-4923-8D14-2B3575A85243}
		{CA339086-27DC-494E-92DD-349C6525B0F3} = {7CC56790-D7E9-4923-8D14-2B3575A85243}
		{797A52C8-8E3F-4222-900F-582FA34A315E} = {7CC56790-D7E9-4923-8D14-2B3575A85243}
	EndGlobalSection
EndGlobal
