
Microsoft Visual Studio Solution File, Format Version 12.00
# Visual Studio 2012
Project("{FAE04EC0-301F-11D3-BF4B-00C04F79EFBC}") = "CHD.Common", "CHD.Common\CHD.Common.csproj", "{38F9C633-9327-4D59-9F55-2340A704E369}"
EndProject
Project("{FAE04EC0-301F-11D3-BF4B-00C04F79EFBC}") = "CHD.Tests", "CHD.Tests\CHD.Tests.csproj", "{1BA7A709-A052-4B19-9C0D-87B2CF169FE1}"
EndProject
Project("{FAE04EC0-301F-11D3-BF4B-00C04F79EFBC}") = "CHD.Disk", "CHD.Disk\CHD.Disk.csproj", "{262DE966-E348-48BC-94D1-641061773798}"
EndProject
Project("{FAE04EC0-301F-11D3-BF4B-00C04F79EFBC}") = "CHD.Email", "CHD.Email\CHD.Email.csproj", "{1A2ABD98-C33D-47D7-907C-6A5C2EEC9187}"
EndProject
Project("{FAE04EC0-301F-11D3-BF4B-00C04F79EFBC}") = "CHD.Settings", "CHD.Settings\CHD.Settings.csproj", "{2D399B85-E25E-4A42-897D-4906CC24A9EA}"
EndProject
Project("{FAE04EC0-301F-11D3-BF4B-00C04F79EFBC}") = "CHD.Token", "CHD.Token\CHD.Token.csproj", "{0CF04B61-BBE2-4ED0-9EF1-011DE84A2CA4}"
EndProject
Project("{FAE04EC0-301F-11D3-BF4B-00C04F79EFBC}") = "CHD.MailRuCloud", "CHD.MailRuCloud\CHD.MailRuCloud.csproj", "{41DA95A6-BD33-40A0-9615-2CF898A5A98E}"
EndProject
Project("{FAE04EC0-301F-11D3-BF4B-00C04F79EFBC}") = "MailRu.Cloud.WebApi", "MailRu.Cloud.WebApi\MailRu.Cloud.WebApi.csproj", "{AC56B217-3724-4BA9-930A-53E7E47857F8}"
EndProject
Project("{FAE04EC0-301F-11D3-BF4B-00C04F79EFBC}") = "CHD.Remote", "CHD.Remote\CHD.Remote.csproj", "{AD93B8B6-65C1-4309-9B53-F76195E2E7E2}"
EndProject
Project("{FAE04EC0-301F-11D3-BF4B-00C04F79EFBC}") = "CHD.Service", "CHD.Service\CHD.Service.csproj", "{BBD07697-CC1A-408F-AE0B-536D02B4C4AB}"
EndProject
Project("{FAE04EC0-301F-11D3-BF4B-00C04F79EFBC}") = "CHD.Plugin", "CHD.Plugin\CHD.Plugin.csproj", "{53F8F4F5-8A3E-4276-96CA-E22E7DB60FB7}"
EndProject
Project("{2150E333-8FDC-42A3-9474-1A3956D46DE8}") = "_Client", "_Client", "{6E049033-95EA-4C54-86EA-FEF0CC4B6856}"
EndProject
Project("{2150E333-8FDC-42A3-9474-1A3956D46DE8}") = "FileSystem", "FileSystem", "{DE1A76A6-3FE1-4330-9A19-C7F6F06DADE0}"
EndProject
Project("{2150E333-8FDC-42A3-9474-1A3956D46DE8}") = ".nuget", ".nuget", "{5E8DF25D-C27F-4132-88FF-A11C2494E3E3}"
	ProjectSection(SolutionItems) = preProject
		.nuget\NuGet.Config = .nuget\NuGet.Config
		.nuget\NuGet.exe = .nuget\NuGet.exe
		.nuget\NuGet.targets = .nuget\NuGet.targets
	EndProjectSection
EndProject
Project("{FAE04EC0-301F-11D3-BF4B-00C04F79EFBC}") = "CHD.Ninject", "CHD.Ninject\CHD.Ninject.csproj", "{38159869-CE43-450E-83F8-47574225CBA6}"
EndProject
Project("{FAE04EC0-301F-11D3-BF4B-00C04F79EFBC}") = "CHD.Installer", "CHD.Installer\CHD.Installer.csproj", "{EEB59908-A4A1-4A0A-9719-E40C250953D2}"
EndProject
Project("{FAE04EC0-301F-11D3-BF4B-00C04F79EFBC}") = "CHD.Wpf", "CHD.Wpf\CHD.Wpf.csproj", "{C66C61B6-EE4C-4482-BA73-B4B4505FF642}"
EndProject
Project("{FAE04EC0-301F-11D3-BF4B-00C04F79EFBC}") = "CHD.Client.Gui", "CHD.Client.Gui\CHD.Client.Gui.csproj", "{1B7E7113-DF20-4337-9AA0-6AA4AD107D12}"
EndProject
Project("{FAE04EC0-301F-11D3-BF4B-00C04F79EFBC}") = "CHD.WcfChannel", "CHD.WcfChannel\CHD.WcfChannel.csproj", "{03973766-577C-4A97-9D24-272A895BBB5C}"
EndProject
Project("{2150E333-8FDC-42A3-9474-1A3956D46DE8}") = "external", "external", "{D65CAE76-06CA-4A6D-9763-C3C476912124}"
EndProject
Project("{FAE04EC0-301F-11D3-BF4B-00C04F79EFBC}") = "System.ServiceModel.Extensions.Compression", "ServiceModel.Externsions.Compression\System.ServiceModel.Extensions.Compression.csproj", "{9E96E405-2605-4FC5-8A12-B1F7D3407A81}"
EndProject
Project("{FAE04EC0-301F-11D3-BF4B-00C04F79EFBC}") = "CHD.Logger", "CHD.Logger\CHD.Logger.csproj", "{8C0EE469-68B8-47A5-9DFA-5188BB410313}"
EndProject
Global
	GlobalSection(SolutionConfigurationPlatforms) = preSolution
		Debug|Any CPU = Debug|Any CPU
		Debug|x64 = Debug|x64
		Debug|x86 = Debug|x86
		Generation|Any CPU = Generation|Any CPU
		Generation|x64 = Generation|x64
		Generation|x86 = Generation|x86
		Release|Any CPU = Release|Any CPU
		Release|x64 = Release|x64
		Release|x86 = Release|x86
	EndGlobalSection
	GlobalSection(ProjectConfigurationPlatforms) = postSolution
		{38F9C633-9327-4D59-9F55-2340A704E369}.Debug|Any CPU.ActiveCfg = Debug|Any CPU
		{38F9C633-9327-4D59-9F55-2340A704E369}.Debug|Any CPU.Build.0 = Debug|Any CPU
		{38F9C633-9327-4D59-9F55-2340A704E369}.Debug|x64.ActiveCfg = Debug|Any CPU
		{38F9C633-9327-4D59-9F55-2340A704E369}.Debug|x86.ActiveCfg = Debug|Any CPU
		{38F9C633-9327-4D59-9F55-2340A704E369}.Generation|Any CPU.ActiveCfg = Release|Any CPU
		{38F9C633-9327-4D59-9F55-2340A704E369}.Generation|Any CPU.Build.0 = Release|Any CPU
		{38F9C633-9327-4D59-9F55-2340A704E369}.Generation|x64.ActiveCfg = Release|Any CPU
		{38F9C633-9327-4D59-9F55-2340A704E369}.Generation|x86.ActiveCfg = Release|Any CPU
		{38F9C633-9327-4D59-9F55-2340A704E369}.Release|Any CPU.ActiveCfg = Release|Any CPU
		{38F9C633-9327-4D59-9F55-2340A704E369}.Release|Any CPU.Build.0 = Release|Any CPU
		{38F9C633-9327-4D59-9F55-2340A704E369}.Release|x64.ActiveCfg = Release|Any CPU
		{38F9C633-9327-4D59-9F55-2340A704E369}.Release|x86.ActiveCfg = Release|Any CPU
		{1BA7A709-A052-4B19-9C0D-87B2CF169FE1}.Debug|Any CPU.ActiveCfg = Debug|Any CPU
		{1BA7A709-A052-4B19-9C0D-87B2CF169FE1}.Debug|Any CPU.Build.0 = Debug|Any CPU
		{1BA7A709-A052-4B19-9C0D-87B2CF169FE1}.Debug|x64.ActiveCfg = Debug|Any CPU
		{1BA7A709-A052-4B19-9C0D-87B2CF169FE1}.Debug|x86.ActiveCfg = Debug|Any CPU
		{1BA7A709-A052-4B19-9C0D-87B2CF169FE1}.Generation|Any CPU.ActiveCfg = Release|Any CPU
		{1BA7A709-A052-4B19-9C0D-87B2CF169FE1}.Generation|Any CPU.Build.0 = Release|Any CPU
		{1BA7A709-A052-4B19-9C0D-87B2CF169FE1}.Generation|x64.ActiveCfg = Release|Any CPU
		{1BA7A709-A052-4B19-9C0D-87B2CF169FE1}.Generation|x86.ActiveCfg = Release|Any CPU
		{1BA7A709-A052-4B19-9C0D-87B2CF169FE1}.Release|Any CPU.ActiveCfg = Release|Any CPU
		{1BA7A709-A052-4B19-9C0D-87B2CF169FE1}.Release|Any CPU.Build.0 = Release|Any CPU
		{1BA7A709-A052-4B19-9C0D-87B2CF169FE1}.Release|x64.ActiveCfg = Release|Any CPU
		{1BA7A709-A052-4B19-9C0D-87B2CF169FE1}.Release|x86.ActiveCfg = Release|Any CPU
		{262DE966-E348-48BC-94D1-641061773798}.Debug|Any CPU.ActiveCfg = Debug|Any CPU
		{262DE966-E348-48BC-94D1-641061773798}.Debug|Any CPU.Build.0 = Debug|Any CPU
		{262DE966-E348-48BC-94D1-641061773798}.Debug|x64.ActiveCfg = Debug|Any CPU
		{262DE966-E348-48BC-94D1-641061773798}.Debug|x86.ActiveCfg = Debug|Any CPU
		{262DE966-E348-48BC-94D1-641061773798}.Generation|Any CPU.ActiveCfg = Release|Any CPU
		{262DE966-E348-48BC-94D1-641061773798}.Generation|Any CPU.Build.0 = Release|Any CPU
		{262DE966-E348-48BC-94D1-641061773798}.Generation|x64.ActiveCfg = Release|Any CPU
		{262DE966-E348-48BC-94D1-641061773798}.Generation|x86.ActiveCfg = Release|Any CPU
		{262DE966-E348-48BC-94D1-641061773798}.Release|Any CPU.ActiveCfg = Release|Any CPU
		{262DE966-E348-48BC-94D1-641061773798}.Release|Any CPU.Build.0 = Release|Any CPU
		{262DE966-E348-48BC-94D1-641061773798}.Release|x64.ActiveCfg = Release|Any CPU
		{262DE966-E348-48BC-94D1-641061773798}.Release|x86.ActiveCfg = Release|Any CPU
		{1A2ABD98-C33D-47D7-907C-6A5C2EEC9187}.Debug|Any CPU.ActiveCfg = Debug|Any CPU
		{1A2ABD98-C33D-47D7-907C-6A5C2EEC9187}.Debug|Any CPU.Build.0 = Debug|Any CPU
		{1A2ABD98-C33D-47D7-907C-6A5C2EEC9187}.Debug|x64.ActiveCfg = Debug|Any CPU
		{1A2ABD98-C33D-47D7-907C-6A5C2EEC9187}.Debug|x86.ActiveCfg = Debug|Any CPU
		{1A2ABD98-C33D-47D7-907C-6A5C2EEC9187}.Generation|Any CPU.ActiveCfg = Release|Any CPU
		{1A2ABD98-C33D-47D7-907C-6A5C2EEC9187}.Generation|Any CPU.Build.0 = Release|Any CPU
		{1A2ABD98-C33D-47D7-907C-6A5C2EEC9187}.Generation|x64.ActiveCfg = Release|Any CPU
		{1A2ABD98-C33D-47D7-907C-6A5C2EEC9187}.Generation|x86.ActiveCfg = Release|Any CPU
		{1A2ABD98-C33D-47D7-907C-6A5C2EEC9187}.Release|Any CPU.ActiveCfg = Release|Any CPU
		{1A2ABD98-C33D-47D7-907C-6A5C2EEC9187}.Release|Any CPU.Build.0 = Release|Any CPU
		{1A2ABD98-C33D-47D7-907C-6A5C2EEC9187}.Release|x64.ActiveCfg = Release|Any CPU
		{1A2ABD98-C33D-47D7-907C-6A5C2EEC9187}.Release|x86.ActiveCfg = Release|Any CPU
		{2D399B85-E25E-4A42-897D-4906CC24A9EA}.Debug|Any CPU.ActiveCfg = Debug|Any CPU
		{2D399B85-E25E-4A42-897D-4906CC24A9EA}.Debug|Any CPU.Build.0 = Debug|Any CPU
		{2D399B85-E25E-4A42-897D-4906CC24A9EA}.Debug|x64.ActiveCfg = Debug|Any CPU
		{2D399B85-E25E-4A42-897D-4906CC24A9EA}.Debug|x86.ActiveCfg = Debug|Any CPU
		{2D399B85-E25E-4A42-897D-4906CC24A9EA}.Generation|Any CPU.ActiveCfg = Release|Any CPU
		{2D399B85-E25E-4A42-897D-4906CC24A9EA}.Generation|Any CPU.Build.0 = Release|Any CPU
		{2D399B85-E25E-4A42-897D-4906CC24A9EA}.Generation|x64.ActiveCfg = Release|Any CPU
		{2D399B85-E25E-4A42-897D-4906CC24A9EA}.Generation|x86.ActiveCfg = Release|Any CPU
		{2D399B85-E25E-4A42-897D-4906CC24A9EA}.Release|Any CPU.ActiveCfg = Release|Any CPU
		{2D399B85-E25E-4A42-897D-4906CC24A9EA}.Release|Any CPU.Build.0 = Release|Any CPU
		{2D399B85-E25E-4A42-897D-4906CC24A9EA}.Release|x64.ActiveCfg = Release|Any CPU
		{2D399B85-E25E-4A42-897D-4906CC24A9EA}.Release|x86.ActiveCfg = Release|Any CPU
		{0CF04B61-BBE2-4ED0-9EF1-011DE84A2CA4}.Debug|Any CPU.ActiveCfg = Debug|Any CPU
		{0CF04B61-BBE2-4ED0-9EF1-011DE84A2CA4}.Debug|Any CPU.Build.0 = Debug|Any CPU
		{0CF04B61-BBE2-4ED0-9EF1-011DE84A2CA4}.Debug|x64.ActiveCfg = Debug|Any CPU
		{0CF04B61-BBE2-4ED0-9EF1-011DE84A2CA4}.Debug|x86.ActiveCfg = Debug|Any CPU
		{0CF04B61-BBE2-4ED0-9EF1-011DE84A2CA4}.Generation|Any CPU.ActiveCfg = Release|Any CPU
		{0CF04B61-BBE2-4ED0-9EF1-011DE84A2CA4}.Generation|Any CPU.Build.0 = Release|Any CPU
		{0CF04B61-BBE2-4ED0-9EF1-011DE84A2CA4}.Generation|x64.ActiveCfg = Release|Any CPU
		{0CF04B61-BBE2-4ED0-9EF1-011DE84A2CA4}.Generation|x86.ActiveCfg = Release|Any CPU
		{0CF04B61-BBE2-4ED0-9EF1-011DE84A2CA4}.Release|Any CPU.ActiveCfg = Release|Any CPU
		{0CF04B61-BBE2-4ED0-9EF1-011DE84A2CA4}.Release|Any CPU.Build.0 = Release|Any CPU
		{0CF04B61-BBE2-4ED0-9EF1-011DE84A2CA4}.Release|x64.ActiveCfg = Release|Any CPU
		{0CF04B61-BBE2-4ED0-9EF1-011DE84A2CA4}.Release|x86.ActiveCfg = Release|Any CPU
		{41DA95A6-BD33-40A0-9615-2CF898A5A98E}.Debug|Any CPU.ActiveCfg = Debug|Any CPU
		{41DA95A6-BD33-40A0-9615-2CF898A5A98E}.Debug|Any CPU.Build.0 = Debug|Any CPU
		{41DA95A6-BD33-40A0-9615-2CF898A5A98E}.Debug|x64.ActiveCfg = Debug|Any CPU
		{41DA95A6-BD33-40A0-9615-2CF898A5A98E}.Debug|x86.ActiveCfg = Debug|Any CPU
		{41DA95A6-BD33-40A0-9615-2CF898A5A98E}.Generation|Any CPU.ActiveCfg = Release|Any CPU
		{41DA95A6-BD33-40A0-9615-2CF898A5A98E}.Generation|Any CPU.Build.0 = Release|Any CPU
		{41DA95A6-BD33-40A0-9615-2CF898A5A98E}.Generation|x64.ActiveCfg = Release|Any CPU
		{41DA95A6-BD33-40A0-9615-2CF898A5A98E}.Generation|x86.ActiveCfg = Release|Any CPU
		{41DA95A6-BD33-40A0-9615-2CF898A5A98E}.Release|Any CPU.ActiveCfg = Release|Any CPU
		{41DA95A6-BD33-40A0-9615-2CF898A5A98E}.Release|Any CPU.Build.0 = Release|Any CPU
		{41DA95A6-BD33-40A0-9615-2CF898A5A98E}.Release|x64.ActiveCfg = Release|Any CPU
		{41DA95A6-BD33-40A0-9615-2CF898A5A98E}.Release|x86.ActiveCfg = Release|Any CPU
		{AC56B217-3724-4BA9-930A-53E7E47857F8}.Debug|Any CPU.ActiveCfg = Debug|Any CPU
		{AC56B217-3724-4BA9-930A-53E7E47857F8}.Debug|Any CPU.Build.0 = Debug|Any CPU
		{AC56B217-3724-4BA9-930A-53E7E47857F8}.Debug|x64.ActiveCfg = Debug|Any CPU
		{AC56B217-3724-4BA9-930A-53E7E47857F8}.Debug|x86.ActiveCfg = Debug|Any CPU
		{AC56B217-3724-4BA9-930A-53E7E47857F8}.Generation|Any CPU.ActiveCfg = Release|Any CPU
		{AC56B217-3724-4BA9-930A-53E7E47857F8}.Generation|Any CPU.Build.0 = Release|Any CPU
		{AC56B217-3724-4BA9-930A-53E7E47857F8}.Generation|x64.ActiveCfg = Release|Any CPU
		{AC56B217-3724-4BA9-930A-53E7E47857F8}.Generation|x86.ActiveCfg = Release|Any CPU
		{AC56B217-3724-4BA9-930A-53E7E47857F8}.Release|Any CPU.ActiveCfg = Release|Any CPU
		{AC56B217-3724-4BA9-930A-53E7E47857F8}.Release|Any CPU.Build.0 = Release|Any CPU
		{AC56B217-3724-4BA9-930A-53E7E47857F8}.Release|x64.ActiveCfg = Release|Any CPU
		{AC56B217-3724-4BA9-930A-53E7E47857F8}.Release|x86.ActiveCfg = Release|Any CPU
		{AD93B8B6-65C1-4309-9B53-F76195E2E7E2}.Debug|Any CPU.ActiveCfg = Debug|Any CPU
		{AD93B8B6-65C1-4309-9B53-F76195E2E7E2}.Debug|Any CPU.Build.0 = Debug|Any CPU
		{AD93B8B6-65C1-4309-9B53-F76195E2E7E2}.Debug|x64.ActiveCfg = Debug|Any CPU
		{AD93B8B6-65C1-4309-9B53-F76195E2E7E2}.Debug|x86.ActiveCfg = Debug|Any CPU
		{AD93B8B6-65C1-4309-9B53-F76195E2E7E2}.Generation|Any CPU.ActiveCfg = Release|Any CPU
		{AD93B8B6-65C1-4309-9B53-F76195E2E7E2}.Generation|Any CPU.Build.0 = Release|Any CPU
		{AD93B8B6-65C1-4309-9B53-F76195E2E7E2}.Generation|x64.ActiveCfg = Release|Any CPU
		{AD93B8B6-65C1-4309-9B53-F76195E2E7E2}.Generation|x86.ActiveCfg = Release|Any CPU
		{AD93B8B6-65C1-4309-9B53-F76195E2E7E2}.Release|Any CPU.ActiveCfg = Release|Any CPU
		{AD93B8B6-65C1-4309-9B53-F76195E2E7E2}.Release|Any CPU.Build.0 = Release|Any CPU
		{AD93B8B6-65C1-4309-9B53-F76195E2E7E2}.Release|x64.ActiveCfg = Release|Any CPU
		{AD93B8B6-65C1-4309-9B53-F76195E2E7E2}.Release|x86.ActiveCfg = Release|Any CPU
		{BBD07697-CC1A-408F-AE0B-536D02B4C4AB}.Debug|Any CPU.ActiveCfg = Debug|Any CPU
		{BBD07697-CC1A-408F-AE0B-536D02B4C4AB}.Debug|Any CPU.Build.0 = Debug|Any CPU
		{BBD07697-CC1A-408F-AE0B-536D02B4C4AB}.Debug|x64.ActiveCfg = Debug|Any CPU
		{BBD07697-CC1A-408F-AE0B-536D02B4C4AB}.Debug|x86.ActiveCfg = Debug|Any CPU
		{BBD07697-CC1A-408F-AE0B-536D02B4C4AB}.Generation|Any CPU.ActiveCfg = Release|Any CPU
		{BBD07697-CC1A-408F-AE0B-536D02B4C4AB}.Generation|Any CPU.Build.0 = Release|Any CPU
		{BBD07697-CC1A-408F-AE0B-536D02B4C4AB}.Generation|x64.ActiveCfg = Release|Any CPU
		{BBD07697-CC1A-408F-AE0B-536D02B4C4AB}.Generation|x86.ActiveCfg = Release|Any CPU
		{BBD07697-CC1A-408F-AE0B-536D02B4C4AB}.Release|Any CPU.ActiveCfg = Release|Any CPU
		{BBD07697-CC1A-408F-AE0B-536D02B4C4AB}.Release|Any CPU.Build.0 = Release|Any CPU
		{BBD07697-CC1A-408F-AE0B-536D02B4C4AB}.Release|x64.ActiveCfg = Release|Any CPU
		{BBD07697-CC1A-408F-AE0B-536D02B4C4AB}.Release|x86.ActiveCfg = Release|Any CPU
		{53F8F4F5-8A3E-4276-96CA-E22E7DB60FB7}.Debug|Any CPU.ActiveCfg = Debug|Any CPU
		{53F8F4F5-8A3E-4276-96CA-E22E7DB60FB7}.Debug|Any CPU.Build.0 = Debug|Any CPU
		{53F8F4F5-8A3E-4276-96CA-E22E7DB60FB7}.Debug|x64.ActiveCfg = Debug|Any CPU
		{53F8F4F5-8A3E-4276-96CA-E22E7DB60FB7}.Debug|x86.ActiveCfg = Debug|Any CPU
		{53F8F4F5-8A3E-4276-96CA-E22E7DB60FB7}.Generation|Any CPU.ActiveCfg = Release|Any CPU
		{53F8F4F5-8A3E-4276-96CA-E22E7DB60FB7}.Generation|Any CPU.Build.0 = Release|Any CPU
		{53F8F4F5-8A3E-4276-96CA-E22E7DB60FB7}.Generation|x64.ActiveCfg = Release|Any CPU
		{53F8F4F5-8A3E-4276-96CA-E22E7DB60FB7}.Generation|x86.ActiveCfg = Release|Any CPU
		{53F8F4F5-8A3E-4276-96CA-E22E7DB60FB7}.Release|Any CPU.ActiveCfg = Release|Any CPU
		{53F8F4F5-8A3E-4276-96CA-E22E7DB60FB7}.Release|Any CPU.Build.0 = Release|Any CPU
		{53F8F4F5-8A3E-4276-96CA-E22E7DB60FB7}.Release|x64.ActiveCfg = Release|Any CPU
		{53F8F4F5-8A3E-4276-96CA-E22E7DB60FB7}.Release|x86.ActiveCfg = Release|Any CPU
		{38159869-CE43-450E-83F8-47574225CBA6}.Debug|Any CPU.ActiveCfg = Debug|Any CPU
		{38159869-CE43-450E-83F8-47574225CBA6}.Debug|Any CPU.Build.0 = Debug|Any CPU
		{38159869-CE43-450E-83F8-47574225CBA6}.Debug|x64.ActiveCfg = Debug|Any CPU
		{38159869-CE43-450E-83F8-47574225CBA6}.Debug|x86.ActiveCfg = Debug|Any CPU
		{38159869-CE43-450E-83F8-47574225CBA6}.Generation|Any CPU.ActiveCfg = Release|Any CPU
		{38159869-CE43-450E-83F8-47574225CBA6}.Generation|Any CPU.Build.0 = Release|Any CPU
		{38159869-CE43-450E-83F8-47574225CBA6}.Generation|x64.ActiveCfg = Release|Any CPU
		{38159869-CE43-450E-83F8-47574225CBA6}.Generation|x86.ActiveCfg = Release|Any CPU
		{38159869-CE43-450E-83F8-47574225CBA6}.Release|Any CPU.ActiveCfg = Release|Any CPU
		{38159869-CE43-450E-83F8-47574225CBA6}.Release|Any CPU.Build.0 = Release|Any CPU
		{38159869-CE43-450E-83F8-47574225CBA6}.Release|x64.ActiveCfg = Release|Any CPU
		{38159869-CE43-450E-83F8-47574225CBA6}.Release|x86.ActiveCfg = Release|Any CPU
		{EEB59908-A4A1-4A0A-9719-E40C250953D2}.Debug|Any CPU.ActiveCfg = Debug|Any CPU
		{EEB59908-A4A1-4A0A-9719-E40C250953D2}.Debug|Any CPU.Build.0 = Debug|Any CPU
		{EEB59908-A4A1-4A0A-9719-E40C250953D2}.Debug|x64.ActiveCfg = Debug|Any CPU
		{EEB59908-A4A1-4A0A-9719-E40C250953D2}.Debug|x86.ActiveCfg = Debug|Any CPU
		{EEB59908-A4A1-4A0A-9719-E40C250953D2}.Generation|Any CPU.ActiveCfg = Release|Any CPU
		{EEB59908-A4A1-4A0A-9719-E40C250953D2}.Generation|Any CPU.Build.0 = Release|Any CPU
		{EEB59908-A4A1-4A0A-9719-E40C250953D2}.Generation|x64.ActiveCfg = Release|Any CPU
		{EEB59908-A4A1-4A0A-9719-E40C250953D2}.Generation|x86.ActiveCfg = Release|Any CPU
		{EEB59908-A4A1-4A0A-9719-E40C250953D2}.Release|Any CPU.ActiveCfg = Release|Any CPU
		{EEB59908-A4A1-4A0A-9719-E40C250953D2}.Release|Any CPU.Build.0 = Release|Any CPU
		{EEB59908-A4A1-4A0A-9719-E40C250953D2}.Release|x64.ActiveCfg = Release|Any CPU
		{EEB59908-A4A1-4A0A-9719-E40C250953D2}.Release|x86.ActiveCfg = Release|Any CPU
		{C66C61B6-EE4C-4482-BA73-B4B4505FF642}.Debug|Any CPU.ActiveCfg = Debug|Any CPU
		{C66C61B6-EE4C-4482-BA73-B4B4505FF642}.Debug|Any CPU.Build.0 = Debug|Any CPU
		{C66C61B6-EE4C-4482-BA73-B4B4505FF642}.Debug|x64.ActiveCfg = Debug|Any CPU
		{C66C61B6-EE4C-4482-BA73-B4B4505FF642}.Debug|x86.ActiveCfg = Debug|Any CPU
		{C66C61B6-EE4C-4482-BA73-B4B4505FF642}.Generation|Any CPU.ActiveCfg = Release|Any CPU
		{C66C61B6-EE4C-4482-BA73-B4B4505FF642}.Generation|Any CPU.Build.0 = Release|Any CPU
		{C66C61B6-EE4C-4482-BA73-B4B4505FF642}.Generation|x64.ActiveCfg = Release|Any CPU
		{C66C61B6-EE4C-4482-BA73-B4B4505FF642}.Generation|x86.ActiveCfg = Release|Any CPU
		{C66C61B6-EE4C-4482-BA73-B4B4505FF642}.Release|Any CPU.ActiveCfg = Release|Any CPU
		{C66C61B6-EE4C-4482-BA73-B4B4505FF642}.Release|Any CPU.Build.0 = Release|Any CPU
		{C66C61B6-EE4C-4482-BA73-B4B4505FF642}.Release|x64.ActiveCfg = Release|Any CPU
		{C66C61B6-EE4C-4482-BA73-B4B4505FF642}.Release|x86.ActiveCfg = Release|Any CPU
		{1B7E7113-DF20-4337-9AA0-6AA4AD107D12}.Debug|Any CPU.ActiveCfg = Debug|Any CPU
		{1B7E7113-DF20-4337-9AA0-6AA4AD107D12}.Debug|Any CPU.Build.0 = Debug|Any CPU
		{1B7E7113-DF20-4337-9AA0-6AA4AD107D12}.Debug|x64.ActiveCfg = Debug|Any CPU
		{1B7E7113-DF20-4337-9AA0-6AA4AD107D12}.Debug|x86.ActiveCfg = Debug|Any CPU
		{1B7E7113-DF20-4337-9AA0-6AA4AD107D12}.Generation|Any CPU.ActiveCfg = Release|Any CPU
		{1B7E7113-DF20-4337-9AA0-6AA4AD107D12}.Generation|Any CPU.Build.0 = Release|Any CPU
		{1B7E7113-DF20-4337-9AA0-6AA4AD107D12}.Generation|x64.ActiveCfg = Release|Any CPU
		{1B7E7113-DF20-4337-9AA0-6AA4AD107D12}.Generation|x86.ActiveCfg = Release|Any CPU
		{1B7E7113-DF20-4337-9AA0-6AA4AD107D12}.Release|Any CPU.ActiveCfg = Release|Any CPU
		{1B7E7113-DF20-4337-9AA0-6AA4AD107D12}.Release|Any CPU.Build.0 = Release|Any CPU
		{1B7E7113-DF20-4337-9AA0-6AA4AD107D12}.Release|x64.ActiveCfg = Release|Any CPU
		{1B7E7113-DF20-4337-9AA0-6AA4AD107D12}.Release|x86.ActiveCfg = Release|Any CPU
		{03973766-577C-4A97-9D24-272A895BBB5C}.Debug|Any CPU.ActiveCfg = Debug|Any CPU
		{03973766-577C-4A97-9D24-272A895BBB5C}.Debug|Any CPU.Build.0 = Debug|Any CPU
		{03973766-577C-4A97-9D24-272A895BBB5C}.Debug|x64.ActiveCfg = Debug|Any CPU
		{03973766-577C-4A97-9D24-272A895BBB5C}.Debug|x86.ActiveCfg = Debug|Any CPU
		{03973766-577C-4A97-9D24-272A895BBB5C}.Generation|Any CPU.ActiveCfg = Release|Any CPU
		{03973766-577C-4A97-9D24-272A895BBB5C}.Generation|Any CPU.Build.0 = Release|Any CPU
		{03973766-577C-4A97-9D24-272A895BBB5C}.Generation|x64.ActiveCfg = Release|Any CPU
		{03973766-577C-4A97-9D24-272A895BBB5C}.Generation|x86.ActiveCfg = Release|Any CPU
		{03973766-577C-4A97-9D24-272A895BBB5C}.Release|Any CPU.ActiveCfg = Release|Any CPU
		{03973766-577C-4A97-9D24-272A895BBB5C}.Release|Any CPU.Build.0 = Release|Any CPU
		{03973766-577C-4A97-9D24-272A895BBB5C}.Release|x64.ActiveCfg = Release|Any CPU
		{03973766-577C-4A97-9D24-272A895BBB5C}.Release|x86.ActiveCfg = Release|Any CPU
		{9E96E405-2605-4FC5-8A12-B1F7D3407A81}.Debug|Any CPU.ActiveCfg = Debug|Any CPU
		{9E96E405-2605-4FC5-8A12-B1F7D3407A81}.Debug|Any CPU.Build.0 = Debug|Any CPU
		{9E96E405-2605-4FC5-8A12-B1F7D3407A81}.Debug|x64.ActiveCfg = Debug|x64
		{9E96E405-2605-4FC5-8A12-B1F7D3407A81}.Debug|x64.Build.0 = Debug|x64
		{9E96E405-2605-4FC5-8A12-B1F7D3407A81}.Debug|x86.ActiveCfg = Debug|x86
		{9E96E405-2605-4FC5-8A12-B1F7D3407A81}.Debug|x86.Build.0 = Debug|x86
		{9E96E405-2605-4FC5-8A12-B1F7D3407A81}.Generation|Any CPU.ActiveCfg = Generation|Any CPU
		{9E96E405-2605-4FC5-8A12-B1F7D3407A81}.Generation|Any CPU.Build.0 = Generation|Any CPU
		{9E96E405-2605-4FC5-8A12-B1F7D3407A81}.Generation|x64.ActiveCfg = Generation|x64
		{9E96E405-2605-4FC5-8A12-B1F7D3407A81}.Generation|x64.Build.0 = Generation|x64
		{9E96E405-2605-4FC5-8A12-B1F7D3407A81}.Generation|x86.ActiveCfg = Generation|x86
		{9E96E405-2605-4FC5-8A12-B1F7D3407A81}.Generation|x86.Build.0 = Generation|x86
		{9E96E405-2605-4FC5-8A12-B1F7D3407A81}.Release|Any CPU.ActiveCfg = Release|Any CPU
		{9E96E405-2605-4FC5-8A12-B1F7D3407A81}.Release|Any CPU.Build.0 = Release|Any CPU
		{9E96E405-2605-4FC5-8A12-B1F7D3407A81}.Release|x64.ActiveCfg = Release|x64
		{9E96E405-2605-4FC5-8A12-B1F7D3407A81}.Release|x64.Build.0 = Release|x64
		{9E96E405-2605-4FC5-8A12-B1F7D3407A81}.Release|x86.ActiveCfg = Release|x86
		{9E96E405-2605-4FC5-8A12-B1F7D3407A81}.Release|x86.Build.0 = Release|x86
		{8C0EE469-68B8-47A5-9DFA-5188BB410313}.Debug|Any CPU.ActiveCfg = Debug|Any CPU
		{8C0EE469-68B8-47A5-9DFA-5188BB410313}.Debug|Any CPU.Build.0 = Debug|Any CPU
		{8C0EE469-68B8-47A5-9DFA-5188BB410313}.Debug|x64.ActiveCfg = Debug|Any CPU
		{8C0EE469-68B8-47A5-9DFA-5188BB410313}.Debug|x86.ActiveCfg = Debug|Any CPU
		{8C0EE469-68B8-47A5-9DFA-5188BB410313}.Generation|Any CPU.ActiveCfg = Release|Any CPU
		{8C0EE469-68B8-47A5-9DFA-5188BB410313}.Generation|Any CPU.Build.0 = Release|Any CPU
		{8C0EE469-68B8-47A5-9DFA-5188BB410313}.Generation|x64.ActiveCfg = Release|Any CPU
		{8C0EE469-68B8-47A5-9DFA-5188BB410313}.Generation|x86.ActiveCfg = Release|Any CPU
		{8C0EE469-68B8-47A5-9DFA-5188BB410313}.Release|Any CPU.ActiveCfg = Release|Any CPU
		{8C0EE469-68B8-47A5-9DFA-5188BB410313}.Release|Any CPU.Build.0 = Release|Any CPU
		{8C0EE469-68B8-47A5-9DFA-5188BB410313}.Release|x64.ActiveCfg = Release|Any CPU
		{8C0EE469-68B8-47A5-9DFA-5188BB410313}.Release|x86.ActiveCfg = Release|Any CPU
	EndGlobalSection
	GlobalSection(SolutionProperties) = preSolution
		HideSolutionNode = FALSE
	EndGlobalSection
	GlobalSection(NestedProjects) = preSolution
		{1A2ABD98-C33D-47D7-907C-6A5C2EEC9187} = {DE1A76A6-3FE1-4330-9A19-C7F6F06DADE0}
		{41DA95A6-BD33-40A0-9615-2CF898A5A98E} = {DE1A76A6-3FE1-4330-9A19-C7F6F06DADE0}
		{AD93B8B6-65C1-4309-9B53-F76195E2E7E2} = {DE1A76A6-3FE1-4330-9A19-C7F6F06DADE0}
		{262DE966-E348-48BC-94D1-641061773798} = {DE1A76A6-3FE1-4330-9A19-C7F6F06DADE0}
		{53F8F4F5-8A3E-4276-96CA-E22E7DB60FB7} = {6E049033-95EA-4C54-86EA-FEF0CC4B6856}
		{BBD07697-CC1A-408F-AE0B-536D02B4C4AB} = {6E049033-95EA-4C54-86EA-FEF0CC4B6856}
		{EEB59908-A4A1-4A0A-9719-E40C250953D2} = {6E049033-95EA-4C54-86EA-FEF0CC4B6856}
		{1B7E7113-DF20-4337-9AA0-6AA4AD107D12} = {6E049033-95EA-4C54-86EA-FEF0CC4B6856}
		{03973766-577C-4A97-9D24-272A895BBB5C} = {6E049033-95EA-4C54-86EA-FEF0CC4B6856}
		{AC56B217-3724-4BA9-930A-53E7E47857F8} = {D65CAE76-06CA-4A6D-9763-C3C476912124}
		{9E96E405-2605-4FC5-8A12-B1F7D3407A81} = {D65CAE76-06CA-4A6D-9763-C3C476912124}
	EndGlobalSection
EndGlobal
